
Microsoft Visual Studio Solution File, Format Version 12.00
# Visual Studio 15
VisualStudioVersion = 15.0.28307.136
MinimumVisualStudioVersion = 10.0.40219.1
Project("{9092AA53-FB77-4645-B42D-1CCCA6BD08BD}") = "v1", "v1\v1.njsproj", "{D31EF4C2-A2D3-4F80-A0DB-E965B8DBCA37}"
EndProject
Global
	GlobalSection(SolutionConfigurationPlatforms) = preSolution
		Debug|Any CPU = Debug|Any CPU
		Release|Any CPU = Release|Any CPU
	EndGlobalSection
	GlobalSection(ProjectConfigurationPlatforms) = postSolution
		{D31EF4C2-A2D3-4F80-A0DB-E965B8DBCA37}.Debug|Any CPU.ActiveCfg = Debug|Any CPU
		{D31EF4C2-A2D3-4F80-A0DB-E965B8DBCA37}.Debug|Any CPU.Build.0 = Debug|Any CPU
		{D31EF4C2-A2D3-4F80-A0DB-E965B8DBCA37}.Release|Any CPU.ActiveCfg = Release|Any CPU
		{D31EF4C2-A2D3-4F80-A0DB-E965B8DBCA37}.Release|Any CPU.Build.0 = Release|Any CPU
	EndGlobalSection
	GlobalSection(SolutionProperties) = preSolution
		HideSolutionNode = FALSE
	EndGlobalSection
	GlobalSection(ExtensibilityGlobals) = postSolution
		SolutionGuid = {DFC8444A-E3F5-47C8-BB68-1A05743CF693}
	EndGlobalSection
EndGlobal
